
Microsoft Visual Studio Solution File, Format Version 12.00
# Visual Studio Version 16
VisualStudioVersion = 16.0.30114.105
MinimumVisualStudioVersion = 10.0.40219.1
Project("{2150E333-8FDC-42A3-9474-1A3956D46DE8}") = "Server", "Server", "{8C575B99-432E-4BD5-A238-7DBCFCB6464A}"
EndProject
Project("{2150E333-8FDC-42A3-9474-1A3956D46DE8}") = "Source", "Source", "{FA40514C-CDE4-4500-881B-B52EC89C0844}"
EndProject
Project("{FAE04EC0-301F-11D3-BF4B-00C04F79EFBC}") = "Core", "Server\Source\Core\Core.csproj", "{5652D7A4-C0E6-466E-946E-E6E037213715}"
EndProject
Project("{FAE04EC0-301F-11D3-BF4B-00C04F79EFBC}") = "Infrastructure", "Server\Source\Infrastructure\Infrastructure.csproj", "{7CE76B70-F8D4-49C5-8893-29CF490FB759}"
EndProject
Project("{FAE04EC0-301F-11D3-BF4B-00C04F79EFBC}") = "WebAdmin", "Server\Source\WebAdmin\WebAdmin.csproj", "{013469A4-24A8-4E54-A59A-94116D3B46A3}"
EndProject
Project("{FAE04EC0-301F-11D3-BF4B-00C04F79EFBC}") = "WebApi", "Server\Source\WebApi\WebApi.csproj", "{0385905A-178D-42DC-AB53-15C10EBBC096}"
EndProject
Project("{2150E333-8FDC-42A3-9474-1A3956D46DE8}") = "Tests", "Tests", "{0F03239D-5D43-4CFC-8FFA-38D9756D47C3}"
EndProject
Project("{FAE04EC0-301F-11D3-BF4B-00C04F79EFBC}") = "Integration", "Server\Tests\Integration\Integration.csproj", "{46D777A9-4801-4A39-B1A3-0DCED8CC5EC8}"
EndProject
Project("{FAE04EC0-301F-11D3-BF4B-00C04F79EFBC}") = "Unit", "Server\Tests\Unit\Unit.csproj", "{336B0724-E4A8-477D-832C-37F9BC27EAB3}"
EndProject
Global
	GlobalSection(SolutionConfigurationPlatforms) = preSolution
		Debug|Any CPU = Debug|Any CPU
		Release|Any CPU = Release|Any CPU
	EndGlobalSection
	GlobalSection(SolutionProperties) = preSolution
		HideSolutionNode = FALSE
	EndGlobalSection
	GlobalSection(ProjectConfigurationPlatforms) = postSolution
		{5652D7A4-C0E6-466E-946E-E6E037213715}.Debug|Any CPU.ActiveCfg = Debug|Any CPU
		{5652D7A4-C0E6-466E-946E-E6E037213715}.Debug|Any CPU.Build.0 = Debug|Any CPU
		{5652D7A4-C0E6-466E-946E-E6E037213715}.Release|Any CPU.ActiveCfg = Release|Any CPU
		{5652D7A4-C0E6-466E-946E-E6E037213715}.Release|Any CPU.Build.0 = Release|Any CPU
		{7CE76B70-F8D4-49C5-8893-29CF490FB759}.Debug|Any CPU.ActiveCfg = Debug|Any CPU
		{7CE76B70-F8D4-49C5-8893-29CF490FB759}.Debug|Any CPU.Build.0 = Debug|Any CPU
		{7CE76B70-F8D4-49C5-8893-29CF490FB759}.Release|Any CPU.ActiveCfg = Release|Any CPU
		{7CE76B70-F8D4-49C5-8893-29CF490FB759}.Release|Any CPU.Build.0 = Release|Any CPU
		{013469A4-24A8-4E54-A59A-94116D3B46A3}.Debug|Any CPU.ActiveCfg = Debug|Any CPU
		{013469A4-24A8-4E54-A59A-94116D3B46A3}.Debug|Any CPU.Build.0 = Debug|Any CPU
		{013469A4-24A8-4E54-A59A-94116D3B46A3}.Release|Any CPU.ActiveCfg = Release|Any CPU
		{013469A4-24A8-4E54-A59A-94116D3B46A3}.Release|Any CPU.Build.0 = Release|Any CPU
		{0385905A-178D-42DC-AB53-15C10EBBC096}.Debug|Any CPU.ActiveCfg = Debug|Any CPU
		{0385905A-178D-42DC-AB53-15C10EBBC096}.Debug|Any CPU.Build.0 = Debug|Any CPU
		{0385905A-178D-42DC-AB53-15C10EBBC096}.Release|Any CPU.ActiveCfg = Release|Any CPU
		{0385905A-178D-42DC-AB53-15C10EBBC096}.Release|Any CPU.Build.0 = Release|Any CPU
		{46D777A9-4801-4A39-B1A3-0DCED8CC5EC8}.Debug|Any CPU.ActiveCfg = Debug|Any CPU
		{46D777A9-4801-4A39-B1A3-0DCED8CC5EC8}.Debug|Any CPU.Build.0 = Debug|Any CPU
		{46D777A9-4801-4A39-B1A3-0DCED8CC5EC8}.Release|Any CPU.ActiveCfg = Release|Any CPU
		{46D777A9-4801-4A39-B1A3-0DCED8CC5EC8}.Release|Any CPU.Build.0 = Release|Any CPU
		{336B0724-E4A8-477D-832C-37F9BC27EAB3}.Debug|Any CPU.ActiveCfg = Debug|Any CPU
		{336B0724-E4A8-477D-832C-37F9BC27EAB3}.Debug|Any CPU.Build.0 = Debug|Any CPU
		{336B0724-E4A8-477D-832C-37F9BC27EAB3}.Release|Any CPU.ActiveCfg = Release|Any CPU
		{336B0724-E4A8-477D-832C-37F9BC27EAB3}.Release|Any CPU.Build.0 = Release|Any CPU
	EndGlobalSection
	GlobalSection(NestedProjects) = preSolution
		{FA40514C-CDE4-4500-881B-B52EC89C0844} = {8C575B99-432E-4BD5-A238-7DBCFCB6464A}
		{5652D7A4-C0E6-466E-946E-E6E037213715} = {FA40514C-CDE4-4500-881B-B52EC89C0844}
		{7CE76B70-F8D4-49C5-8893-29CF490FB759} = {FA40514C-CDE4-4500-881B-B52EC89C0844}
		{013469A4-24A8-4E54-A59A-94116D3B46A3} = {FA40514C-CDE4-4500-881B-B52EC89C0844}
		{0385905A-178D-42DC-AB53-15C10EBBC096} = {FA40514C-CDE4-4500-881B-B52EC89C0844}
		{0F03239D-5D43-4CFC-8FFA-38D9756D47C3} = {8C575B99-432E-4BD5-A238-7DBCFCB6464A}
		{46D777A9-4801-4A39-B1A3-0DCED8CC5EC8} = {0F03239D-5D43-4CFC-8FFA-38D9756D47C3}
		{336B0724-E4A8-477D-832C-37F9BC27EAB3} = {0F03239D-5D43-4CFC-8FFA-38D9756D47C3}
	EndGlobalSection
EndGlobal
